
Microsoft Visual Studio Solution File, Format Version 12.00
# Visual Studio 15
VisualStudioVersion = 15.0.28010.2026
MinimumVisualStudioVersion = 10.0.40219.1
Project("{9A19103F-16F7-4668-BE54-9A1E7A4F7556}") = "WPFCross.Core", "WPFCross.Core\WPFCross.Core.csproj", "{AAB9DB0F-6E0E-41B0-89BB-8783027C8DB2}"
EndProject
Project("{FAE04EC0-301F-11D3-BF4B-00C04F79EFBC}") = "WPFCross.Startup", "WPFCross.Startup\WPFCross.Startup.csproj", "{E6247934-3818-4DE2-B1AD-4F575ABD8DFA}"
EndProject
Project("{9A19103F-16F7-4668-BE54-9A1E7A4F7556}") = "Service.Logger", "Service.Logger\Service.Logger.csproj", "{9D4E01D2-918A-4496-A724-AD6DFF79F7CA}"
EndProject
Project("{FAE04EC0-301F-11D3-BF4B-00C04F79EFBC}") = "Service.Dialogs", "Service.Dialogs\Service.Dialogs.csproj", "{7519097D-59FF-4717-A043-C083A7AA9A5D}"
EndProject
Project("{9A19103F-16F7-4668-BE54-9A1E7A4F7556}") = "DataAccess.Models", "DataAccess.Models\DataAccess.Models.csproj", "{B4D1FB8D-91DF-4FFD-90FF-FE6CE89E705A}"
EndProject
Project("{9A19103F-16F7-4668-BE54-9A1E7A4F7556}") = "DataAccess.Core", "DataAccess.Core\DataAccess.Core.csproj", "{B17A9095-29F5-4141-8EBA-00887E3029EA}"
EndProject
Project("{9A19103F-16F7-4668-BE54-9A1E7A4F7556}") = "WPFCross.Extensions", "WPFCross.Extensions\WPFCross.Extensions.csproj", "{90C7018F-3A51-4B32-9428-C88695BC96B0}"
EndProject
Project("{9A19103F-16F7-4668-BE54-9A1E7A4F7556}") = "Commons", "Commons\Commons.csproj", "{3138D2CC-0FF1-4F36-902F-AABB1C237CB0}"
EndProject
Project("{9A19103F-16F7-4668-BE54-9A1E7A4F7556}") = "Service.Core", "Service.Core\Service.Core.csproj", "{197EAFEF-553D-4AE6-A2A7-5C3EDA63F124}"
EndProject
Project("{9A19103F-16F7-4668-BE54-9A1E7A4F7556}") = "Service.DataMapper", "Service.DataMapper\Service.DataMapper.csproj", "{62DA867A-4BDD-4B6B-8D9A-186034486036}"
EndProject
Project("{9A19103F-16F7-4668-BE54-9A1E7A4F7556}") = "DataAccess.LiteDbAccess", "DataAccess.LiteDbAccess\DataAccess.LiteDbAccess.csproj", "{C427A21A-3102-4178-BD7B-D264C16CCFE7}"
EndProject
Project("{9A19103F-16F7-4668-BE54-9A1E7A4F7556}") = "DataAccess.SQLiteAccess", "DataAccess.SQLiteAccess\DataAccess.SQLiteAccess.csproj", "{B99EFB12-EBF4-4634-839F-DB17A01E9E6F}"
EndProject
Project("{9A19103F-16F7-4668-BE54-9A1E7A4F7556}") = "DataAccess.Core.DbLib", "DataAccess.Core.DbLib\DataAccess.Core.DbLib.csproj", "{986ADEF6-1914-40EF-9666-5B4864B0BD15}"
EndProject
Global
	GlobalSection(SolutionConfigurationPlatforms) = preSolution
		Debug|Any CPU = Debug|Any CPU
		Release|Any CPU = Release|Any CPU
	EndGlobalSection
	GlobalSection(ProjectConfigurationPlatforms) = postSolution
		{AAB9DB0F-6E0E-41B0-89BB-8783027C8DB2}.Debug|Any CPU.ActiveCfg = Debug|Any CPU
		{AAB9DB0F-6E0E-41B0-89BB-8783027C8DB2}.Debug|Any CPU.Build.0 = Debug|Any CPU
		{AAB9DB0F-6E0E-41B0-89BB-8783027C8DB2}.Release|Any CPU.ActiveCfg = Release|Any CPU
		{AAB9DB0F-6E0E-41B0-89BB-8783027C8DB2}.Release|Any CPU.Build.0 = Release|Any CPU
		{E6247934-3818-4DE2-B1AD-4F575ABD8DFA}.Debug|Any CPU.ActiveCfg = Debug|Any CPU
		{E6247934-3818-4DE2-B1AD-4F575ABD8DFA}.Debug|Any CPU.Build.0 = Debug|Any CPU
		{E6247934-3818-4DE2-B1AD-4F575ABD8DFA}.Release|Any CPU.ActiveCfg = Release|Any CPU
		{E6247934-3818-4DE2-B1AD-4F575ABD8DFA}.Release|Any CPU.Build.0 = Release|Any CPU
		{9D4E01D2-918A-4496-A724-AD6DFF79F7CA}.Debug|Any CPU.ActiveCfg = Debug|Any CPU
		{9D4E01D2-918A-4496-A724-AD6DFF79F7CA}.Debug|Any CPU.Build.0 = Debug|Any CPU
		{9D4E01D2-918A-4496-A724-AD6DFF79F7CA}.Release|Any CPU.ActiveCfg = Release|Any CPU
		{9D4E01D2-918A-4496-A724-AD6DFF79F7CA}.Release|Any CPU.Build.0 = Release|Any CPU
		{7519097D-59FF-4717-A043-C083A7AA9A5D}.Debug|Any CPU.ActiveCfg = Debug|Any CPU
		{7519097D-59FF-4717-A043-C083A7AA9A5D}.Debug|Any CPU.Build.0 = Debug|Any CPU
		{7519097D-59FF-4717-A043-C083A7AA9A5D}.Release|Any CPU.ActiveCfg = Release|Any CPU
		{7519097D-59FF-4717-A043-C083A7AA9A5D}.Release|Any CPU.Build.0 = Release|Any CPU
		{B4D1FB8D-91DF-4FFD-90FF-FE6CE89E705A}.Debug|Any CPU.ActiveCfg = Debug|Any CPU
		{B4D1FB8D-91DF-4FFD-90FF-FE6CE89E705A}.Debug|Any CPU.Build.0 = Debug|Any CPU
		{B4D1FB8D-91DF-4FFD-90FF-FE6CE89E705A}.Release|Any CPU.ActiveCfg = Release|Any CPU
		{B4D1FB8D-91DF-4FFD-90FF-FE6CE89E705A}.Release|Any CPU.Build.0 = Release|Any CPU
		{B17A9095-29F5-4141-8EBA-00887E3029EA}.Debug|Any CPU.ActiveCfg = Debug|Any CPU
		{B17A9095-29F5-4141-8EBA-00887E3029EA}.Debug|Any CPU.Build.0 = Debug|Any CPU
		{B17A9095-29F5-4141-8EBA-00887E3029EA}.Release|Any CPU.ActiveCfg = Release|Any CPU
		{B17A9095-29F5-4141-8EBA-00887E3029EA}.Release|Any CPU.Build.0 = Release|Any CPU
		{90C7018F-3A51-4B32-9428-C88695BC96B0}.Debug|Any CPU.ActiveCfg = Debug|Any CPU
		{90C7018F-3A51-4B32-9428-C88695BC96B0}.Debug|Any CPU.Build.0 = Debug|Any CPU
		{90C7018F-3A51-4B32-9428-C88695BC96B0}.Release|Any CPU.ActiveCfg = Release|Any CPU
		{90C7018F-3A51-4B32-9428-C88695BC96B0}.Release|Any CPU.Build.0 = Release|Any CPU
		{3138D2CC-0FF1-4F36-902F-AABB1C237CB0}.Debug|Any CPU.ActiveCfg = Debug|Any CPU
		{3138D2CC-0FF1-4F36-902F-AABB1C237CB0}.Debug|Any CPU.Build.0 = Debug|Any CPU
		{3138D2CC-0FF1-4F36-902F-AABB1C237CB0}.Release|Any CPU.ActiveCfg = Release|Any CPU
		{3138D2CC-0FF1-4F36-902F-AABB1C237CB0}.Release|Any CPU.Build.0 = Release|Any CPU
		{197EAFEF-553D-4AE6-A2A7-5C3EDA63F124}.Debug|Any CPU.ActiveCfg = Debug|Any CPU
		{197EAFEF-553D-4AE6-A2A7-5C3EDA63F124}.Debug|Any CPU.Build.0 = Debug|Any CPU
		{197EAFEF-553D-4AE6-A2A7-5C3EDA63F124}.Release|Any CPU.ActiveCfg = Release|Any CPU
		{197EAFEF-553D-4AE6-A2A7-5C3EDA63F124}.Release|Any CPU.Build.0 = Release|Any CPU
		{62DA867A-4BDD-4B6B-8D9A-186034486036}.Debug|Any CPU.ActiveCfg = Debug|Any CPU
		{62DA867A-4BDD-4B6B-8D9A-186034486036}.Debug|Any CPU.Build.0 = Debug|Any CPU
		{62DA867A-4BDD-4B6B-8D9A-186034486036}.Release|Any CPU.ActiveCfg = Release|Any CPU
		{62DA867A-4BDD-4B6B-8D9A-186034486036}.Release|Any CPU.Build.0 = Release|Any CPU
		{C427A21A-3102-4178-BD7B-D264C16CCFE7}.Debug|Any CPU.ActiveCfg = Debug|Any CPU
		{C427A21A-3102-4178-BD7B-D264C16CCFE7}.Debug|Any CPU.Build.0 = Debug|Any CPU
		{C427A21A-3102-4178-BD7B-D264C16CCFE7}.Release|Any CPU.ActiveCfg = Release|Any CPU
		{C427A21A-3102-4178-BD7B-D264C16CCFE7}.Release|Any CPU.Build.0 = Release|Any CPU
		{B99EFB12-EBF4-4634-839F-DB17A01E9E6F}.Debug|Any CPU.ActiveCfg = Debug|Any CPU
		{B99EFB12-EBF4-4634-839F-DB17A01E9E6F}.Debug|Any CPU.Build.0 = Debug|Any CPU
		{B99EFB12-EBF4-4634-839F-DB17A01E9E6F}.Release|Any CPU.ActiveCfg = Release|Any CPU
		{B99EFB12-EBF4-4634-839F-DB17A01E9E6F}.Release|Any CPU.Build.0 = Release|Any CPU
		{986ADEF6-1914-40EF-9666-5B4864B0BD15}.Debug|Any CPU.ActiveCfg = Debug|Any CPU
		{986ADEF6-1914-40EF-9666-5B4864B0BD15}.Debug|Any CPU.Build.0 = Debug|Any CPU
		{986ADEF6-1914-40EF-9666-5B4864B0BD15}.Release|Any CPU.ActiveCfg = Release|Any CPU
		{986ADEF6-1914-40EF-9666-5B4864B0BD15}.Release|Any CPU.Build.0 = Release|Any CPU
	EndGlobalSection
	GlobalSection(SolutionProperties) = preSolution
		HideSolutionNode = FALSE
	EndGlobalSection
	GlobalSection(ExtensibilityGlobals) = postSolution
		SolutionGuid = {F2A04199-9043-4467-BEA7-5215A71546FA}
	EndGlobalSection
EndGlobal
